// !$*UTF8*$!
{
	archiveVersion = 1;
	classes = {
	};
	objectVersion = 56;
	objects = {

/* Begin PBXBuildFile section */
		3AAB2CEE29BFA1F6008D970A /* AppDelegate.swift in Sources */ = {isa = PBXBuildFile; fileRef = 3AAB2CED29BFA1F6008D970A /* AppDelegate.swift */; };
		3AAB2CF029BFA1F6008D970A /* SceneDelegate.swift in Sources */ = {isa = PBXBuildFile; fileRef = 3AAB2CEF29BFA1F6008D970A /* SceneDelegate.swift */; };
		3AAB2CF529BFA1F6008D970A /* Main.storyboard in Resources */ = {isa = PBXBuildFile; fileRef = 3AAB2CF329BFA1F6008D970A /* Main.storyboard */; };
		3AAB2CF729BFA1F7008D970A /* Assets.xcassets in Resources */ = {isa = PBXBuildFile; fileRef = 3AAB2CF629BFA1F7008D970A /* Assets.xcassets */; };
		3AAB2CFA29BFA1F7008D970A /* LaunchScreen.storyboard in Resources */ = {isa = PBXBuildFile; fileRef = 3AAB2CF829BFA1F7008D970A /* LaunchScreen.storyboard */; };
		3AAB2D0929BFA6BF008D970A /* scoresdata.json in Resources */ = {isa = PBXBuildFile; fileRef = 3AAB2D0829BFA6BF008D970A /* scoresdata.json */; };
		3AAB2D0B29BFA7B9008D970A /* ScoresModel.swift in Sources */ = {isa = PBXBuildFile; fileRef = 3AAB2D0A29BFA7B9008D970A /* ScoresModel.swift */; };
		3AAB2D0D29BFAE26008D970A /* ScoresTableViewController.swift in Sources */ = {isa = PBXBuildFile; fileRef = 3AAB2D0C29BFAE26008D970A /* ScoresTableViewController.swift */; };
		3ADD96DC29BFC38B00A53BCC /* Favorites.storyboard in Resources */ = {isa = PBXBuildFile; fileRef = 3ADD96DA29BFC38B00A53BCC /* Favorites.storyboard */; };
		3ADD96DE29BFC4E500A53BCC /* DetailViewController.swift in Sources */ = {isa = PBXBuildFile; fileRef = 3ADD96DD29BFC4E500A53BCC /* DetailViewController.swift */; };
		3ADD96E029BFC52F00A53BCC /* AddScoreTableViewController.swift in Sources */ = {isa = PBXBuildFile; fileRef = 3ADD96DF29BFC52F00A53BCC /* AddScoreTableViewController.swift */; };
		3ADD96E229BFC55A00A53BCC /* FavoritesViewController.swift in Sources */ = {isa = PBXBuildFile; fileRef = 3ADD96E129BFC55A00A53BCC /* FavoritesViewController.swift */; };
		3ADD96E429BFC5C900A53BCC /* ModelPersistence.swift in Sources */ = {isa = PBXBuildFile; fileRef = 3ADD96E329BFC5C900A53BCC /* ModelPersistence.swift */; };
		3ADD96E629BFC83600A53BCC /* ModelLogic.swift in Sources */ = {isa = PBXBuildFile; fileRef = 3ADD96E529BFC83600A53BCC /* ModelLogic.swift */; };
/* End PBXBuildFile section */

/* Begin PBXFileReference section */
		3AAB2CEA29BFA1F6008D970A /* ScoresApp.app */ = {isa = PBXFileReference; explicitFileType = wrapper.application; includeInIndex = 0; path = ScoresApp.app; sourceTree = BUILT_PRODUCTS_DIR; };
		3AAB2CED29BFA1F6008D970A /* AppDelegate.swift */ = {isa = PBXFileReference; lastKnownFileType = sourcecode.swift; path = AppDelegate.swift; sourceTree = "<group>"; };
		3AAB2CEF29BFA1F6008D970A /* SceneDelegate.swift */ = {isa = PBXFileReference; lastKnownFileType = sourcecode.swift; path = SceneDelegate.swift; sourceTree = "<group>"; };
		3AAB2CF429BFA1F6008D970A /* Base */ = {isa = PBXFileReference; lastKnownFileType = file.storyboard; name = Base; path = Base.lproj/Main.storyboard; sourceTree = "<group>"; };
		3AAB2CF629BFA1F7008D970A /* Assets.xcassets */ = {isa = PBXFileReference; lastKnownFileType = folder.assetcatalog; path = Assets.xcassets; sourceTree = "<group>"; };
		3AAB2CF929BFA1F7008D970A /* Base */ = {isa = PBXFileReference; lastKnownFileType = file.storyboard; name = Base; path = Base.lproj/LaunchScreen.storyboard; sourceTree = "<group>"; };
		3AAB2CFB29BFA1F7008D970A /* Info.plist */ = {isa = PBXFileReference; lastKnownFileType = text.plist.xml; path = Info.plist; sourceTree = "<group>"; };
		3AAB2D0829BFA6BF008D970A /* scoresdata.json */ = {isa = PBXFileReference; fileEncoding = 4; lastKnownFileType = text.json; name = scoresdata.json; path = scores/scoresdata.json; sourceTree = SOURCE_ROOT; };
		3AAB2D0A29BFA7B9008D970A /* ScoresModel.swift */ = {isa = PBXFileReference; lastKnownFileType = sourcecode.swift; path = ScoresModel.swift; sourceTree = "<group>"; };
		3AAB2D0C29BFAE26008D970A /* ScoresTableViewController.swift */ = {isa = PBXFileReference; lastKnownFileType = sourcecode.swift; path = ScoresTableViewController.swift; sourceTree = "<group>"; };
		3ADD96DB29BFC38B00A53BCC /* Base */ = {isa = PBXFileReference; lastKnownFileType = file.storyboard; name = Base; path = Base.lproj/Favorites.storyboard; sourceTree = "<group>"; };
		3ADD96DD29BFC4E500A53BCC /* DetailViewController.swift */ = {isa = PBXFileReference; lastKnownFileType = sourcecode.swift; path = DetailViewController.swift; sourceTree = "<group>"; };
		3ADD96DF29BFC52F00A53BCC /* AddScoreTableViewController.swift */ = {isa = PBXFileReference; lastKnownFileType = sourcecode.swift; path = AddScoreTableViewController.swift; sourceTree = "<group>"; };
		3ADD96E129BFC55A00A53BCC /* FavoritesViewController.swift */ = {isa = PBXFileReference; lastKnownFileType = sourcecode.swift; path = FavoritesViewController.swift; sourceTree = "<group>"; };
		3ADD96E329BFC5C900A53BCC /* ModelPersistence.swift */ = {isa = PBXFileReference; lastKnownFileType = sourcecode.swift; path = ModelPersistence.swift; sourceTree = "<group>"; };
		3ADD96E529BFC83600A53BCC /* ModelLogic.swift */ = {isa = PBXFileReference; lastKnownFileType = sourcecode.swift; path = ModelLogic.swift; sourceTree = "<group>"; };
/* End PBXFileReference section */

/* Begin PBXFrameworksBuildPhase section */
		3AAB2CE729BFA1F6008D970A /* Frameworks */ = {
			isa = PBXFrameworksBuildPhase;
			buildActionMask = 2147483647;
			files = (
			);
			runOnlyForDeploymentPostprocessing = 0;
		};
/* End PBXFrameworksBuildPhase section */

/* Begin PBXGroup section */
		3AAB2CE129BFA1F6008D970A = {
			isa = PBXGroup;
			children = (
				3AAB2CEC29BFA1F6008D970A /* ScoresApp */,
				3AAB2CEB29BFA1F6008D970A /* Products */,
			);
			sourceTree = "<group>";
		};
		3AAB2CEB29BFA1F6008D970A /* Products */ = {
			isa = PBXGroup;
			children = (
				3AAB2CEA29BFA1F6008D970A /* ScoresApp.app */,
			);
			name = Products;
			sourceTree = "<group>";
		};
		3AAB2CEC29BFA1F6008D970A /* ScoresApp */ = {
			isa = PBXGroup;
			children = (
				3AAB2D0729BFA5CB008D970A /* Resources */,
				3AAB2D0629BFA43A008D970A /* Model */,
				3AAB2D0429BFA428008D970A /* View */,
				3AAB2D0529BFA434008D970A /* Controller */,
				3AAB2D0329BFA40B008D970A /* System */,
			);
			path = ScoresApp;
			sourceTree = "<group>";
		};
		3AAB2D0329BFA40B008D970A /* System */ = {
			isa = PBXGroup;
			children = (
				3AAB2CED29BFA1F6008D970A /* AppDelegate.swift */,
				3AAB2CEF29BFA1F6008D970A /* SceneDelegate.swift */,
				3AAB2CF629BFA1F7008D970A /* Assets.xcassets */,
				3AAB2CF829BFA1F7008D970A /* LaunchScreen.storyboard */,
				3AAB2CFB29BFA1F7008D970A /* Info.plist */,
			);
			name = System;
			sourceTree = "<group>";
		};
		3AAB2D0429BFA428008D970A /* View */ = {
			isa = PBXGroup;
			children = (
				3ADD96DA29BFC38B00A53BCC /* Favorites.storyboard */,
				3AAB2CF329BFA1F6008D970A /* Main.storyboard */,
			);
			name = View;
			sourceTree = "<group>";
		};
		3AAB2D0529BFA434008D970A /* Controller */ = {
			isa = PBXGroup;
			children = (
				3AAB2D0C29BFAE26008D970A /* ScoresTableViewController.swift */,
				3ADD96DD29BFC4E500A53BCC /* DetailViewController.swift */,
				3ADD96DF29BFC52F00A53BCC /* AddScoreTableViewController.swift */,
				3ADD96E129BFC55A00A53BCC /* FavoritesViewController.swift */,
			);
			name = Controller;
			sourceTree = "<group>";
		};
		3AAB2D0629BFA43A008D970A /* Model */ = {
			isa = PBXGroup;
			children = (
				3AAB2D0A29BFA7B9008D970A /* ScoresModel.swift */,
				3ADD96E329BFC5C900A53BCC /* ModelPersistence.swift */,
				3ADD96E529BFC83600A53BCC /* ModelLogic.swift */,
			);
			name = Model;
			sourceTree = "<group>";
		};
		3AAB2D0729BFA5CB008D970A /* Resources */ = {
			isa = PBXGroup;
			children = (
				3AAB2D0829BFA6BF008D970A /* scoresdata.json */,
			);
			name = Resources;
			sourceTree = "<group>";
		};
/* End PBXGroup section */

/* Begin PBXNativeTarget section */
		3AAB2CE929BFA1F6008D970A /* ScoresApp */ = {
			isa = PBXNativeTarget;
			buildConfigurationList = 3AAB2CFE29BFA1F7008D970A /* Build configuration list for PBXNativeTarget "ScoresApp" */;
			buildPhases = (
				3AAB2CE629BFA1F6008D970A /* Sources */,
				3AAB2CE729BFA1F6008D970A /* Frameworks */,
				3AAB2CE829BFA1F6008D970A /* Resources */,
			);
			buildRules = (
			);
			dependencies = (
			);
			name = ScoresApp;
			productName = ScoresApp;
			productReference = 3AAB2CEA29BFA1F6008D970A /* ScoresApp.app */;
			productType = "com.apple.product-type.application";
		};
/* End PBXNativeTarget section */

/* Begin PBXProject section */
		3AAB2CE229BFA1F6008D970A /* Project object */ = {
			isa = PBXProject;
			attributes = {
				BuildIndependentTargetsInParallel = 1;
				LastSwiftUpdateCheck = 1420;
				LastUpgradeCheck = 1420;
				TargetAttributes = {
					3AAB2CE929BFA1F6008D970A = {
						CreatedOnToolsVersion = 14.2;
					};
				};
			};
			buildConfigurationList = 3AAB2CE529BFA1F6008D970A /* Build configuration list for PBXProject "ScoresApp" */;
			compatibilityVersion = "Xcode 14.0";
			developmentRegion = en;
			hasScannedForEncodings = 0;
			knownRegions = (
				en,
				Base,
			);
			mainGroup = 3AAB2CE129BFA1F6008D970A;
			productRefGroup = 3AAB2CEB29BFA1F6008D970A /* Products */;
			projectDirPath = "";
			projectRoot = "";
			targets = (
				3AAB2CE929BFA1F6008D970A /* ScoresApp */,
			);
		};
/* End PBXProject section */

/* Begin PBXResourcesBuildPhase section */
		3AAB2CE829BFA1F6008D970A /* Resources */ = {
			isa = PBXResourcesBuildPhase;
			buildActionMask = 2147483647;
			files = (
				3AAB2D0929BFA6BF008D970A /* scoresdata.json in Resources */,
				3AAB2CFA29BFA1F7008D970A /* LaunchScreen.storyboard in Resources */,
				3AAB2CF729BFA1F7008D970A /* Assets.xcassets in Resources */,
				3AAB2CF529BFA1F6008D970A /* Main.storyboard in Resources */,
				3ADD96DC29BFC38B00A53BCC /* Favorites.storyboard in Resources */,
			);
			runOnlyForDeploymentPostprocessing = 0;
		};
/* End PBXResourcesBuildPhase section */

/* Begin PBXSourcesBuildPhase section */
		3AAB2CE629BFA1F6008D970A /* Sources */ = {
			isa = PBXSourcesBuildPhase;
			buildActionMask = 2147483647;
			files = (
				3AAB2D0D29BFAE26008D970A /* ScoresTableViewController.swift in Sources */,
				3AAB2D0B29BFA7B9008D970A /* ScoresModel.swift in Sources */,
				3ADD96E229BFC55A00A53BCC /* FavoritesViewController.swift in Sources */,
				3ADD96DE29BFC4E500A53BCC /* DetailViewController.swift in Sources */,
				3AAB2CEE29BFA1F6008D970A /* AppDelegate.swift in Sources */,
				3ADD96E029BFC52F00A53BCC /* AddScoreTableViewController.swift in Sources */,
				3AAB2CF029BFA1F6008D970A /* SceneDelegate.swift in Sources */,
				3ADD96E629BFC83600A53BCC /* ModelLogic.swift in Sources */,
				3ADD96E429BFC5C900A53BCC /* ModelPersistence.swift in Sources */,
			);
			runOnlyForDeploymentPostprocessing = 0;
		};
/* End PBXSourcesBuildPhase section */

/* Begin PBXVariantGroup section */
		3AAB2CF329BFA1F6008D970A /* Main.storyboard */ = {
			isa = PBXVariantGroup;
			children = (
				3AAB2CF429BFA1F6008D970A /* Base */,
			);
			name = Main.storyboard;
			sourceTree = "<group>";
		};
		3AAB2CF829BFA1F7008D970A /* LaunchScreen.storyboard */ = {
			isa = PBXVariantGroup;
			children = (
				3AAB2CF929BFA1F7008D970A /* Base */,
			);
			name = LaunchScreen.storyboard;
			sourceTree = "<group>";
		};
		3ADD96DA29BFC38B00A53BCC /* Favorites.storyboard */ = {
			isa = PBXVariantGroup;
			children = (
				3ADD96DB29BFC38B00A53BCC /* Base */,
			);
			name = Favorites.storyboard;
			sourceTree = "<group>";
		};
/* End PBXVariantGroup section */

/* Begin XCBuildConfiguration section */
		3AAB2CFC29BFA1F7008D970A /* Debug */ = {
			isa = XCBuildConfiguration;
			buildSettings = {
				ALWAYS_SEARCH_USER_PATHS = NO;
				CLANG_ANALYZER_NONNULL = YES;
				CLANG_ANALYZER_NUMBER_OBJECT_CONVERSION = YES_AGGRESSIVE;
				CLANG_CXX_LANGUAGE_STANDARD = "gnu++20";
				CLANG_ENABLE_MODULES = YES;
				CLANG_ENABLE_OBJC_ARC = YES;
				CLANG_ENABLE_OBJC_WEAK = YES;
				CLANG_WARN_BLOCK_CAPTURE_AUTORELEASING = YES;
				CLANG_WARN_BOOL_CONVERSION = YES;
				CLANG_WARN_COMMA = YES;
				CLANG_WARN_CONSTANT_CONVERSION = YES;
				CLANG_WARN_DEPRECATED_OBJC_IMPLEMENTATIONS = YES;
				CLANG_WARN_DIRECT_OBJC_ISA_USAGE = YES_ERROR;
				CLANG_WARN_DOCUMENTATION_COMMENTS = YES;
				CLANG_WARN_EMPTY_BODY = YES;
				CLANG_WARN_ENUM_CONVERSION = YES;
				CLANG_WARN_INFINITE_RECURSION = YES;
				CLANG_WARN_INT_CONVERSION = YES;
				CLANG_WARN_NON_LITERAL_NULL_CONVERSION = YES;
				CLANG_WARN_OBJC_IMPLICIT_RETAIN_SELF = YES;
				CLANG_WARN_OBJC_LITERAL_CONVERSION = YES;
				CLANG_WARN_OBJC_ROOT_CLASS = YES_ERROR;
				CLANG_WARN_QUOTED_INCLUDE_IN_FRAMEWORK_HEADER = YES;
				CLANG_WARN_RANGE_LOOP_ANALYSIS = YES;
				CLANG_WARN_STRICT_PROTOTYPES = YES;
				CLANG_WARN_SUSPICIOUS_MOVE = YES;
				CLANG_WARN_UNGUARDED_AVAILABILITY = YES_AGGRESSIVE;
				CLANG_WARN_UNREACHABLE_CODE = YES;
				CLANG_WARN__DUPLICATE_METHOD_MATCH = YES;
				COPY_PHASE_STRIP = NO;
				DEBUG_INFORMATION_FORMAT = dwarf;
				ENABLE_STRICT_OBJC_MSGSEND = YES;
				ENABLE_TESTABILITY = YES;
				GCC_C_LANGUAGE_STANDARD = gnu11;
				GCC_DYNAMIC_NO_PIC = NO;
				GCC_NO_COMMON_BLOCKS = YES;
				GCC_OPTIMIZATION_LEVEL = 0;
				GCC_PREPROCESSOR_DEFINITIONS = (
					"DEBUG=1",
					"$(inherited)",
				);
				GCC_WARN_64_TO_32_BIT_CONVERSION = YES;
				GCC_WARN_ABOUT_RETURN_TYPE = YES_ERROR;
				GCC_WARN_UNDECLARED_SELECTOR = YES;
				GCC_WARN_UNINITIALIZED_AUTOS = YES_AGGRESSIVE;
				GCC_WARN_UNUSED_FUNCTION = YES;
				GCC_WARN_UNUSED_VARIABLE = YES;
				IPHONEOS_DEPLOYMENT_TARGET = 16.2;
				MTL_ENABLE_DEBUG_INFO = INCLUDE_SOURCE;
				MTL_FAST_MATH = YES;
				ONLY_ACTIVE_ARCH = YES;
				SDKROOT = iphoneos;
				SWIFT_ACTIVE_COMPILATION_CONDITIONS = DEBUG;
				SWIFT_OPTIMIZATION_LEVEL = "-Onone";
			};
			name = Debug;
		};
		3AAB2CFD29BFA1F7008D970A /* Release */ = {
			isa = XCBuildConfiguration;
			buildSettings = {
				ALWAYS_SEARCH_USER_PATHS = NO;
				CLANG_ANALYZER_NONNULL = YES;
				CLANG_ANALYZER_NUMBER_OBJECT_CONVERSION = YES_AGGRESSIVE;
				CLANG_CXX_LANGUAGE_STANDARD = "gnu++20";
				CLANG_ENABLE_MODULES = YES;
				CLANG_ENABLE_OBJC_ARC = YES;
				CLANG_ENABLE_OBJC_WEAK = YES;
				CLANG_WARN_BLOCK_CAPTURE_AUTORELEASING = YES;
				CLANG_WARN_BOOL_CONVERSION = YES;
				CLANG_WARN_COMMA = YES;
				CLANG_WARN_CONSTANT_CONVERSION = YES;
				CLANG_WARN_DEPRECATED_OBJC_IMPLEMENTATIONS = YES;
				CLANG_WARN_DIRECT_OBJC_ISA_USAGE = YES_ERROR;
				CLANG_WARN_DOCUMENTATION_COMMENTS = YES;
				CLANG_WARN_EMPTY_BODY = YES;
				CLANG_WARN_ENUM_CONVERSION = YES;
				CLANG_WARN_INFINITE_RECURSION = YES;
				CLANG_WARN_INT_CONVERSION = YES;
				CLANG_WARN_NON_LITERAL_NULL_CONVERSION = YES;
				CLANG_WARN_OBJC_IMPLICIT_RETAIN_SELF = YES;
				CLANG_WARN_OBJC_LITERAL_CONVERSION = YES;
				CLANG_WARN_OBJC_ROOT_CLASS = YES_ERROR;
				CLANG_WARN_QUOTED_INCLUDE_IN_FRAMEWORK_HEADER = YES;
				CLANG_WARN_RANGE_LOOP_ANALYSIS = YES;
				CLANG_WARN_STRICT_PROTOTYPES = YES;
				CLANG_WARN_SUSPICIOUS_MOVE = YES;
				CLANG_WARN_UNGUARDED_AVAILABILITY = YES_AGGRESSIVE;
				CLANG_WARN_UNREACHABLE_CODE = YES;
				CLANG_WARN__DUPLICATE_METHOD_MATCH = YES;
				COPY_PHASE_STRIP = NO;
				DEBUG_INFORMATION_FORMAT = "dwarf-with-dsym";
				ENABLE_NS_ASSERTIONS = NO;
				ENABLE_STRICT_OBJC_MSGSEND = YES;
				GCC_C_LANGUAGE_STANDARD = gnu11;
				GCC_NO_COMMON_BLOCKS = YES;
				GCC_WARN_64_TO_32_BIT_CONVERSION = YES;
				GCC_WARN_ABOUT_RETURN_TYPE = YES_ERROR;
				GCC_WARN_UNDECLARED_SELECTOR = YES;
				GCC_WARN_UNINITIALIZED_AUTOS = YES_AGGRESSIVE;
				GCC_WARN_UNUSED_FUNCTION = YES;
				GCC_WARN_UNUSED_VARIABLE = YES;
				IPHONEOS_DEPLOYMENT_TARGET = 16.2;
				MTL_ENABLE_DEBUG_INFO = NO;
				MTL_FAST_MATH = YES;
				SDKROOT = iphoneos;
				SWIFT_COMPILATION_MODE = wholemodule;
				SWIFT_OPTIMIZATION_LEVEL = "-O";
				VALIDATE_PRODUCT = YES;
			};
			name = Release;
		};
		3AAB2CFF29BFA1F7008D970A /* Debug */ = {
			isa = XCBuildConfiguration;
			buildSettings = {
				ASSETCATALOG_COMPILER_APPICON_NAME = AppIcon;
				ASSETCATALOG_COMPILER_GLOBAL_ACCENT_COLOR_NAME = AccentColor;
				CODE_SIGN_STYLE = Automatic;
				CURRENT_PROJECT_VERSION = 1;
				DEVELOPMENT_TEAM = 6SPUJN2479;
				GENERATE_INFOPLIST_FILE = YES;
				INFOPLIST_FILE = ScoresApp/Info.plist;
				INFOPLIST_KEY_UIApplicationSupportsIndirectInputEvents = YES;
				INFOPLIST_KEY_UILaunchStoryboardName = LaunchScreen;
				INFOPLIST_KEY_UIMainStoryboardFile = Main;
				INFOPLIST_KEY_UISupportedInterfaceOrientations_iPad = "UIInterfaceOrientationPortrait UIInterfaceOrientationPortraitUpsideDown UIInterfaceOrientationLandscapeLeft UIInterfaceOrientationLandscapeRight";
				INFOPLIST_KEY_UISupportedInterfaceOrientations_iPhone = "UIInterfaceOrientationPortrait UIInterfaceOrientationLandscapeLeft UIInterfaceOrientationLandscapeRight";
				LD_RUNPATH_SEARCH_PATHS = (
					"$(inherited)",
					"@executable_path/Frameworks",
				);
				MARKETING_VERSION = 1.0;
				PRODUCT_BUNDLE_IDENTIFIER = dev.adrianiraizos.ScoresApp;
				PRODUCT_NAME = "$(TARGET_NAME)";
				SWIFT_EMIT_LOC_STRINGS = YES;
				SWIFT_VERSION = 5.0;
				TARGETED_DEVICE_FAMILY = "1,2";
			};
			name = Debug;
		};
		3AAB2D0029BFA1F7008D970A /* Release */ = {
			isa = XCBuildConfiguration;
			buildSettings = {
				ASSETCATALOG_COMPILER_APPICON_NAME = AppIcon;
				ASSETCATALOG_COMPILER_GLOBAL_ACCENT_COLOR_NAME = AccentColor;
				CODE_SIGN_STYLE = Automatic;
				CURRENT_PROJECT_VERSION = 1;
				DEVELOPMENT_TEAM = 6SPUJN2479;
				GENERATE_INFOPLIST_FILE = YES;
				INFOPLIST_FILE = ScoresApp/Info.plist;
				INFOPLIST_KEY_UIApplicationSupportsIndirectInputEvents = YES;
				INFOPLIST_KEY_UILaunchStoryboardName = LaunchScreen;
				INFOPLIST_KEY_UIMainStoryboardFile = Main;
				INFOPLIST_KEY_UISupportedInterfaceOrientations_iPad = "UIInterfaceOrientationPortrait UIInterfaceOrientationPortraitUpsideDown UIInterfaceOrientationLandscapeLeft UIInterfaceOrientationLandscapeRight";
				INFOPLIST_KEY_UISupportedInterfaceOrientations_iPhone = "UIInterfaceOrientationPortrait UIInterfaceOrientationLandscapeLeft UIInterfaceOrientationLandscapeRight";
				LD_RUNPATH_SEARCH_PATHS = (
					"$(inherited)",
					"@executable_path/Frameworks",
				);
				MARKETING_VERSION = 1.0;
				PRODUCT_BUNDLE_IDENTIFIER = dev.adrianiraizos.ScoresApp;
				PRODUCT_NAME = "$(TARGET_NAME)";
				SWIFT_EMIT_LOC_STRINGS = YES;
				SWIFT_VERSION = 5.0;
				TARGETED_DEVICE_FAMILY = "1,2";
			};
			name = Release;
		};
/* End XCBuildConfiguration section */

/* Begin XCConfigurationList section */
		3AAB2CE529BFA1F6008D970A /* Build configuration list for PBXProject "ScoresApp" */ = {
			isa = XCConfigurationList;
			buildConfigurations = (
				3AAB2CFC29BFA1F7008D970A /* Debug */,
				3AAB2CFD29BFA1F7008D970A /* Release */,
			);
			defaultConfigurationIsVisible = 0;
			defaultConfigurationName = Release;
		};
		3AAB2CFE29BFA1F7008D970A /* Build configuration list for PBXNativeTarget "ScoresApp" */ = {
			isa = XCConfigurationList;
			buildConfigurations = (
				3AAB2CFF29BFA1F7008D970A /* Debug */,
				3AAB2D0029BFA1F7008D970A /* Release */,
			);
			defaultConfigurationIsVisible = 0;
			defaultConfigurationName = Release;
		};
/* End XCConfigurationList section */
	};
	rootObject = 3AAB2CE229BFA1F6008D970A /* Project object */;
}
